// !$*UTF8*$!
{
	archiveVersion = 1;
	classes = {
	};
	objectVersion = 46;
	objects = {

/* Begin PBXBuildFile section */
		C64EB9541DF2F46100802D15 /* LL.scpt in Resources */ = {isa = PBXBuildFile; fileRef = C64EB9531DF2F46100802D15 /* LL.scpt */; };
		C64EB9581DF2F66B00802D15 /* DeleteArchives.scpt in Resources */ = {isa = PBXBuildFile; fileRef = C64EB9551DF2F66B00802D15 /* DeleteArchives.scpt */; };
		C64EB9591DF2F66B00802D15 /* DeleteCaches.scpt in Resources */ = {isa = PBXBuildFile; fileRef = C64EB9561DF2F66B00802D15 /* DeleteCaches.scpt */; };
		C64EB95A1DF2F66B00802D15 /* DeleteDerivedData.scpt in Resources */ = {isa = PBXBuildFile; fileRef = C64EB9571DF2F66B00802D15 /* DeleteDerivedData.scpt */; };
		C652C7D41DDF30450056CE2E /* AppDelegate.swift in Sources */ = {isa = PBXBuildFile; fileRef = C652C7D31DDF30450056CE2E /* AppDelegate.swift */; };
		C652C7D61DDF30450056CE2E /* ViewController.swift in Sources */ = {isa = PBXBuildFile; fileRef = C652C7D51DDF30450056CE2E /* ViewController.swift */; };
		C652C7D81DDF30450056CE2E /* Assets.xcassets in Resources */ = {isa = PBXBuildFile; fileRef = C652C7D71DDF30450056CE2E /* Assets.xcassets */; };
		C652C7DB1DDF30450056CE2E /* Main.storyboard in Resources */ = {isa = PBXBuildFile; fileRef = C652C7D91DDF30450056CE2E /* Main.storyboard */; };
		C67727061DEB1D5B003F70EE /* CheckDiskVolume.scpt in Resources */ = {isa = PBXBuildFile; fileRef = C67727051DEB1D5B003F70EE /* CheckDiskVolume.scpt */; };
		C67727081DEB1F4C003F70EE /* Purge.scpt in Resources */ = {isa = PBXBuildFile; fileRef = C67727071DEB1F4C003F70EE /* Purge.scpt */; };
		C6806D871DEC728F0045C697 /* UpdateDyldSharedCache.scpt in Resources */ = {isa = PBXBuildFile; fileRef = C6806D861DEC728F0045C697 /* UpdateDyldSharedCache.scpt */; };
		C6A4116E1DE5D4BD0003916B /* Command.swift in Sources */ = {isa = PBXBuildFile; fileRef = C6A4116D1DE5D4BD0003916B /* Command.swift */; };
		C6B9EF5C1DEF139400FFFCF9 /* ClearKextcache.scpt in Resources */ = {isa = PBXBuildFile; fileRef = C6B9EF5B1DEF139400FFFCF9 /* ClearKextcache.scpt */; };
		C6B9EF5E1DEF13CF00FFFCF9 /* UpdateKernelCache.scpt in Resources */ = {isa = PBXBuildFile; fileRef = C6B9EF5D1DEF13CF00FFFCF9 /* UpdateKernelCache.scpt */; };
/* End PBXBuildFile section */

/* Begin PBXFileReference section */
		C64EB9531DF2F46100802D15 /* LL.scpt */ = {isa = PBXFileReference; lastKnownFileType = file; path = LL.scpt; sourceTree = "<group>"; };
		C64EB9551DF2F66B00802D15 /* DeleteArchives.scpt */ = {isa = PBXFileReference; lastKnownFileType = file; path = DeleteArchives.scpt; sourceTree = "<group>"; };
		C64EB9561DF2F66B00802D15 /* DeleteCaches.scpt */ = {isa = PBXFileReference; lastKnownFileType = file; path = DeleteCaches.scpt; sourceTree = "<group>"; };
		C64EB9571DF2F66B00802D15 /* DeleteDerivedData.scpt */ = {isa = PBXFileReference; lastKnownFileType = file; path = DeleteDerivedData.scpt; sourceTree = "<group>"; };
		C652C7D01DDF30450056CE2E /* DCleanUp.app */ = {isa = PBXFileReference; explicitFileType = wrapper.application; includeInIndex = 0; path = DCleanUp.app; sourceTree = BUILT_PRODUCTS_DIR; };
		C652C7D31DDF30450056CE2E /* AppDelegate.swift */ = {isa = PBXFileReference; lastKnownFileType = sourcecode.swift; path = AppDelegate.swift; sourceTree = "<group>"; };
		C652C7D51DDF30450056CE2E /* ViewController.swift */ = {isa = PBXFileReference; lastKnownFileType = sourcecode.swift; path = ViewController.swift; sourceTree = "<group>"; };
		C652C7D71DDF30450056CE2E /* Assets.xcassets */ = {isa = PBXFileReference; lastKnownFileType = folder.assetcatalog; path = Assets.xcassets; sourceTree = "<group>"; };
		C652C7DA1DDF30450056CE2E /* Base */ = {isa = PBXFileReference; lastKnownFileType = file.storyboard; name = Base; path = Base.lproj/Main.storyboard; sourceTree = "<group>"; };
		C652C7DC1DDF30450056CE2E /* Info.plist */ = {isa = PBXFileReference; lastKnownFileType = text.plist.xml; path = Info.plist; sourceTree = "<group>"; };
		C67727051DEB1D5B003F70EE /* CheckDiskVolume.scpt */ = {isa = PBXFileReference; lastKnownFileType = file; path = CheckDiskVolume.scpt; sourceTree = "<group>"; };
		C67727071DEB1F4C003F70EE /* Purge.scpt */ = {isa = PBXFileReference; lastKnownFileType = file; path = Purge.scpt; sourceTree = "<group>"; };
		C6806D861DEC728F0045C697 /* UpdateDyldSharedCache.scpt */ = {isa = PBXFileReference; lastKnownFileType = file; path = UpdateDyldSharedCache.scpt; sourceTree = "<group>"; };
		C6A4116D1DE5D4BD0003916B /* Command.swift */ = {isa = PBXFileReference; fileEncoding = 4; lastKnownFileType = sourcecode.swift; path = Command.swift; sourceTree = "<group>"; };
		C6B9EF5B1DEF139400FFFCF9 /* ClearKextcache.scpt */ = {isa = PBXFileReference; lastKnownFileType = file; path = ClearKextcache.scpt; sourceTree = "<group>"; };
		C6B9EF5D1DEF13CF00FFFCF9 /* UpdateKernelCache.scpt */ = {isa = PBXFileReference; lastKnownFileType = file; path = UpdateKernelCache.scpt; sourceTree = "<group>"; };
/* End PBXFileReference section */

/* Begin PBXFrameworksBuildPhase section */
		C652C7CD1DDF30450056CE2E /* Frameworks */ = {
			isa = PBXFrameworksBuildPhase;
			buildActionMask = 2147483647;
			files = (
			);
			runOnlyForDeploymentPostprocessing = 0;
		};
/* End PBXFrameworksBuildPhase section */

/* Begin PBXGroup section */
		C652C7C71DDF30450056CE2E = {
			isa = PBXGroup;
			children = (
				C652C7D21DDF30450056CE2E /* DCleanUp */,
				C652C7D11DDF30450056CE2E /* Products */,
			);
			sourceTree = "<group>";
		};
		C652C7D11DDF30450056CE2E /* Products */ = {
			isa = PBXGroup;
			children = (
				C652C7D01DDF30450056CE2E /* DCleanUp.app */,
			);
			name = Products;
			sourceTree = "<group>";
		};
		C652C7D21DDF30450056CE2E /* DCleanUp */ = {
			isa = PBXGroup;
			children = (
				C67727041DEB1D4D003F70EE /* Scripts */,
				C652C7D31DDF30450056CE2E /* AppDelegate.swift */,
				C652C7D51DDF30450056CE2E /* ViewController.swift */,
				C6A4116D1DE5D4BD0003916B /* Command.swift */,
				C652C7D71DDF30450056CE2E /* Assets.xcassets */,
				C652C7D91DDF30450056CE2E /* Main.storyboard */,
				C652C7DC1DDF30450056CE2E /* Info.plist */,
			);
			path = DCleanUp;
			sourceTree = "<group>";
		};
		C67727041DEB1D4D003F70EE /* Scripts */ = {
			isa = PBXGroup;
			children = (
				C64EB9551DF2F66B00802D15 /* DeleteArchives.scpt */,
				C64EB9561DF2F66B00802D15 /* DeleteCaches.scpt */,
				C64EB9571DF2F66B00802D15 /* DeleteDerivedData.scpt */,
				C64EB9531DF2F46100802D15 /* LL.scpt */,
				C6B9EF5D1DEF13CF00FFFCF9 /* UpdateKernelCache.scpt */,
				C6806D861DEC728F0045C697 /* UpdateDyldSharedCache.scpt */,
				C67727071DEB1F4C003F70EE /* Purge.scpt */,
				C67727051DEB1D5B003F70EE /* CheckDiskVolume.scpt */,
				C6B9EF5B1DEF139400FFFCF9 /* ClearKextcache.scpt */,
			);
			name = Scripts;
			sourceTree = "<group>";
		};
/* End PBXGroup section */

/* Begin PBXNativeTarget section */
		C652C7CF1DDF30450056CE2E /* DCleanUp */ = {
			isa = PBXNativeTarget;
			buildConfigurationList = C652C7DF1DDF30450056CE2E /* Build configuration list for PBXNativeTarget "DCleanUp" */;
			buildPhases = (
				C652C7CC1DDF30450056CE2E /* Sources */,
				C652C7CD1DDF30450056CE2E /* Frameworks */,
				C652C7CE1DDF30450056CE2E /* Resources */,
			);
			buildRules = (
			);
			dependencies = (
			);
			name = DCleanUp;
			productName = DCleanUp;
			productReference = C652C7D01DDF30450056CE2E /* DCleanUp.app */;
			productType = "com.apple.product-type.application";
		};
/* End PBXNativeTarget section */

/* Begin PBXProject section */
		C652C7C81DDF30450056CE2E /* Project object */ = {
			isa = PBXProject;
			attributes = {
				LastSwiftUpdateCheck = 0810;
				LastUpgradeCheck = 0810;
				ORGANIZATIONNAME = "Shoya Shiraki";
				TargetAttributes = {
					C652C7CF1DDF30450056CE2E = {
						CreatedOnToolsVersion = 8.1;
						DevelopmentTeam = BN822BGW3S;
						ProvisioningStyle = Automatic;
					};
				};
			};
			buildConfigurationList = C652C7CB1DDF30450056CE2E /* Build configuration list for PBXProject "DCleanUp" */;
			compatibilityVersion = "Xcode 3.2";
			developmentRegion = English;
			hasScannedForEncodings = 0;
			knownRegions = (
				en,
				Base,
			);
			mainGroup = C652C7C71DDF30450056CE2E;
			productRefGroup = C652C7D11DDF30450056CE2E /* Products */;
			projectDirPath = "";
			projectRoot = "";
			targets = (
				C652C7CF1DDF30450056CE2E /* DCleanUp */,
			);
		};
/* End PBXProject section */

/* Begin PBXResourcesBuildPhase section */
		C652C7CE1DDF30450056CE2E /* Resources */ = {
			isa = PBXResourcesBuildPhase;
			buildActionMask = 2147483647;
			files = (
				C6B9EF5C1DEF139400FFFCF9 /* ClearKextcache.scpt in Resources */,
				C67727081DEB1F4C003F70EE /* Purge.scpt in Resources */,
				C67727061DEB1D5B003F70EE /* CheckDiskVolume.scpt in Resources */,
				C6806D871DEC728F0045C697 /* UpdateDyldSharedCache.scpt in Resources */,
				C64EB95A1DF2F66B00802D15 /* DeleteDerivedData.scpt in Resources */,
				C652C7D81DDF30450056CE2E /* Assets.xcassets in Resources */,
				C64EB9591DF2F66B00802D15 /* DeleteCaches.scpt in Resources */,
				C6B9EF5E1DEF13CF00FFFCF9 /* UpdateKernelCache.scpt in Resources */,
				C64EB9581DF2F66B00802D15 /* DeleteArchives.scpt in Resources */,
				C652C7DB1DDF30450056CE2E /* Main.storyboard in Resources */,
				C64EB9541DF2F46100802D15 /* LL.scpt in Resources */,
			);
			runOnlyForDeploymentPostprocessing = 0;
		};
/* End PBXResourcesBuildPhase section */

/* Begin PBXSourcesBuildPhase section */
		C652C7CC1DDF30450056CE2E /* Sources */ = {
			isa = PBXSourcesBuildPhase;
			buildActionMask = 2147483647;
			files = (
				C652C7D61DDF30450056CE2E /* ViewController.swift in Sources */,
				C652C7D41DDF30450056CE2E /* AppDelegate.swift in Sources */,
				C6A4116E1DE5D4BD0003916B /* Command.swift in Sources */,
			);
			runOnlyForDeploymentPostprocessing = 0;
		};
/* End PBXSourcesBuildPhase section */

/* Begin PBXVariantGroup section */
		C652C7D91DDF30450056CE2E /* Main.storyboard */ = {
			isa = PBXVariantGroup;
			children = (
				C652C7DA1DDF30450056CE2E /* Base */,
			);
			name = Main.storyboard;
			sourceTree = "<group>";
		};
/* End PBXVariantGroup section */

/* Begin XCBuildConfiguration section */
		C652C7DD1DDF30450056CE2E /* Debug */ = {
			isa = XCBuildConfiguration;
			buildSettings = {
				ALWAYS_SEARCH_USER_PATHS = NO;
				CLANG_ANALYZER_NONNULL = YES;
				CLANG_CXX_LANGUAGE_STANDARD = "gnu++0x";
				CLANG_CXX_LIBRARY = "libc++";
				CLANG_ENABLE_MODULES = YES;
				CLANG_ENABLE_OBJC_ARC = YES;
				CLANG_WARN_BOOL_CONVERSION = YES;
				CLANG_WARN_CONSTANT_CONVERSION = YES;
				CLANG_WARN_DIRECT_OBJC_ISA_USAGE = YES_ERROR;
				CLANG_WARN_DOCUMENTATION_COMMENTS = YES;
				CLANG_WARN_EMPTY_BODY = YES;
				CLANG_WARN_ENUM_CONVERSION = YES;
				CLANG_WARN_INFINITE_RECURSION = YES;
				CLANG_WARN_INT_CONVERSION = YES;
				CLANG_WARN_OBJC_ROOT_CLASS = YES_ERROR;
				CLANG_WARN_SUSPICIOUS_MOVES = YES;
				CLANG_WARN_UNREACHABLE_CODE = YES;
				CLANG_WARN__DUPLICATE_METHOD_MATCH = YES;
				CODE_SIGN_IDENTITY = "-";
				COPY_PHASE_STRIP = NO;
				DEBUG_INFORMATION_FORMAT = dwarf;
				ENABLE_STRICT_OBJC_MSGSEND = YES;
				ENABLE_TESTABILITY = YES;
				GCC_C_LANGUAGE_STANDARD = gnu99;
				GCC_DYNAMIC_NO_PIC = NO;
				GCC_NO_COMMON_BLOCKS = YES;
				GCC_OPTIMIZATION_LEVEL = 0;
				GCC_PREPROCESSOR_DEFINITIONS = (
					"DEBUG=1",
					"$(inherited)",
				);
				GCC_WARN_64_TO_32_BIT_CONVERSION = YES;
				GCC_WARN_ABOUT_RETURN_TYPE = YES_ERROR;
				GCC_WARN_UNDECLARED_SELECTOR = YES;
				GCC_WARN_UNINITIALIZED_AUTOS = YES_AGGRESSIVE;
				GCC_WARN_UNUSED_FUNCTION = YES;
				GCC_WARN_UNUSED_VARIABLE = YES;
				MACOSX_DEPLOYMENT_TARGET = 10.12;
				MTL_ENABLE_DEBUG_INFO = YES;
				ONLY_ACTIVE_ARCH = YES;
				SDKROOT = macosx;
				SWIFT_ACTIVE_COMPILATION_CONDITIONS = DEBUG;
				SWIFT_OPTIMIZATION_LEVEL = "-Onone";
			};
			name = Debug;
		};
		C652C7DE1DDF30450056CE2E /* Release */ = {
			isa = XCBuildConfiguration;
			buildSettings = {
				ALWAYS_SEARCH_USER_PATHS = NO;
				CLANG_ANALYZER_NONNULL = YES;
				CLANG_CXX_LANGUAGE_STANDARD = "gnu++0x";
				CLANG_CXX_LIBRARY = "libc++";
				CLANG_ENABLE_MODULES = YES;
				CLANG_ENABLE_OBJC_ARC = YES;
				CLANG_WARN_BOOL_CONVERSION = YES;
				CLANG_WARN_CONSTANT_CONVERSION = YES;
				CLANG_WARN_DIRECT_OBJC_ISA_USAGE = YES_ERROR;
				CLANG_WARN_DOCUMENTATION_COMMENTS = YES;
				CLANG_WARN_EMPTY_BODY = YES;
				CLANG_WARN_ENUM_CONVERSION = YES;
				CLANG_WARN_INFINITE_RECURSION = YES;
				CLANG_WARN_INT_CONVERSION = YES;
				CLANG_WARN_OBJC_ROOT_CLASS = YES_ERROR;
				CLANG_WARN_SUSPICIOUS_MOVES = YES;
				CLANG_WARN_UNREACHABLE_CODE = YES;
				CLANG_WARN__DUPLICATE_METHOD_MATCH = YES;
				CODE_SIGN_IDENTITY = "-";
				COPY_PHASE_STRIP = NO;
				DEBUG_INFORMATION_FORMAT = "dwarf-with-dsym";
				ENABLE_NS_ASSERTIONS = NO;
				ENABLE_STRICT_OBJC_MSGSEND = YES;
				GCC_C_LANGUAGE_STANDARD = gnu99;
				GCC_NO_COMMON_BLOCKS = YES;
				GCC_WARN_64_TO_32_BIT_CONVERSION = YES;
				GCC_WARN_ABOUT_RETURN_TYPE = YES_ERROR;
				GCC_WARN_UNDECLARED_SELECTOR = YES;
				GCC_WARN_UNINITIALIZED_AUTOS = YES_AGGRESSIVE;
				GCC_WARN_UNUSED_FUNCTION = YES;
				GCC_WARN_UNUSED_VARIABLE = YES;
				MACOSX_DEPLOYMENT_TARGET = 10.12;
				MTL_ENABLE_DEBUG_INFO = NO;
				SDKROOT = macosx;
				SWIFT_OPTIMIZATION_LEVEL = "-Owholemodule";
			};
			name = Release;
		};
		C652C7E01DDF30450056CE2E /* Debug */ = {
			isa = XCBuildConfiguration;
			buildSettings = {
				ASSETCATALOG_COMPILER_APPICON_NAME = AppIcon;
				COMBINE_HIDPI_IMAGES = YES;
				DEVELOPMENT_TEAM = BN822BGW3S;
				INFOPLIST_FILE = DCleanUp/Info.plist;
				LD_RUNPATH_SEARCH_PATHS = "$(inherited) @executable_path/../Frameworks";
				PRODUCT_BUNDLE_IDENTIFIER = morugu.DCleanUp;
				PRODUCT_NAME = "$(TARGET_NAME)";
				SWIFT_VERSION = 3.0;
			};
			name = Debug;
		};
		C652C7E11DDF30450056CE2E /* Release */ = {
			isa = XCBuildConfiguration;
			buildSettings = {
				ASSETCATALOG_COMPILER_APPICON_NAME = AppIcon;
				COMBINE_HIDPI_IMAGES = YES;
				DEVELOPMENT_TEAM = BN822BGW3S;
				INFOPLIST_FILE = DCleanUp/Info.plist;
				LD_RUNPATH_SEARCH_PATHS = "$(inherited) @executable_path/../Frameworks";
				PRODUCT_BUNDLE_IDENTIFIER = morugu.DCleanUp;
				PRODUCT_NAME = "$(TARGET_NAME)";
				SWIFT_VERSION = 3.0;
			};
			name = Release;
		};
/* End XCBuildConfiguration section */

/* Begin XCConfigurationList section */
		C652C7CB1DDF30450056CE2E /* Build configuration list for PBXProject "DCleanUp" */ = {
			isa = XCConfigurationList;
			buildConfigurations = (
				C652C7DD1DDF30450056CE2E /* Debug */,
				C652C7DE1DDF30450056CE2E /* Release */,
			);
			defaultConfigurationIsVisible = 0;
			defaultConfigurationName = Release;
		};
		C652C7DF1DDF30450056CE2E /* Build configuration list for PBXNativeTarget "DCleanUp" */ = {
			isa = XCConfigurationList;
			buildConfigurations = (
				C652C7E01DDF30450056CE2E /* Debug */,
				C652C7E11DDF30450056CE2E /* Release */,
			);
			defaultConfigurationIsVisible = 0;
			defaultConfigurationName = Release;
		};
/* End XCConfigurationList section */
	};
	rootObject = C652C7C81DDF30450056CE2E /* Project object */;
}
